<?xml version="1.0" encoding="utf-8"?>
<Project ToolsVersion="4.0" xmlns="http://schemas.microsoft.com/developer/msbuild/2003">
  <ItemGroup>
    <Filter Include="Source Files">
      <UniqueIdentifier>{4FC737F1-C7A5-4376-A066-2A32D752A2FF}</UniqueIdentifier>
      <Extensions>cpp;c;cc;cxx;def;odl;idl;hpj;bat;asm;asmx</Extensions>
    </Filter>
    <Filter Include="Header Files">
      <UniqueIdentifier>{93995380-89BD-4b04-88EB-625FBE52EBFB}</UniqueIdentifier>
      <Extensions>h;hh;hpp;hxx;hm;inl;inc;xsd</Extensions>
    </Filter>
    <Filter Include="Resource Files">
      <UniqueIdentifier>{67DA6AB6-F800-4c08-8B7A-83BB121AAD01}</UniqueIdentifier>
      <Extensions>rc;ico;cur;bmp;dlg;rc2;rct;bin;rgs;gif;jpg;jpeg;jpe;resx;tiff;tif;png;wav;mfcribbon-ms</Extensions>
    </Filter>
    <Filter Include="PortableExecutable">
      <UniqueIdentifier>{7fb93916-1e1f-4e82-a6cd-d59fc9abe298}</UniqueIdentifier>
    </Filter>
    <Filter Include="PEParser">
      <UniqueIdentifier>{321f5b9e-372b-4c40-ae19-40a3db3221fb}</UniqueIdentifier>
    </Filter>
  </ItemGroup>
  <ItemGroup>
    <ClCompile Include="PortableExecutable.cpp">
      <Filter>PortableExecutable</Filter>
    </ClCompile>
    <ClCompile Include="PEParser.cpp">
      <Filter>PEParser</Filter>
    </ClCompile>
    <ClCompile Include="Main.cpp">
      <Filter>Source Files</Filter>
    </ClCompile>
  </ItemGroup>
  <ItemGroup>
    <ClInclude Include="includes.hpp">
      <Filter>Header Files</Filter>
    </ClInclude>
    <ClInclude Include="defines.hpp">
      <Filter>Header Files</Filter>
    </ClInclude>
    <ClInclude Include="PortableExecutable.h">
      <Filter>PortableExecutable</Filter>
    </ClInclude>
    <ClInclude Include="PEParser.h">
      <Filter>PEParser</Filter>
    </ClInclude>
  </ItemGroup>
</Project>